{
  "version": 1,
  "dependencies": {
    ".NETCoreApp,Version=v3.1": {
      "Newtonsoft.Json": {
        "type": "Direct",
        "requested": "[12.0.3, )",
        "resolved": "12.0.3",
        "contentHash": "6mgjfnRB4jKMlzHSl+VD+oUc1IebOZabkbyWj2RiTgWwYPPuaK1H97G1sHqGwPlS5npiF5Q0OrxN1wni2n5QWg=="
      },
      "System.IO.Ports": {
        "type": "Direct",
        "requested": "[4.7.0, )",
        "resolved": "4.7.0",
        "contentHash": "tNHiZcdskfRpxU7LBBlA69YYgBqWMBE/JDdmrEIDa4iw944VK1u4+B0FeSls1FUm+Pm4X/Fl0fSGqi8MDhb8/Q==",
        "dependencies": {
          "Microsoft.Win32.Registry": "4.7.0",
          "runtime.native.System.IO.Ports": "4.7.0"
        }
      },
      "Microsoft.NETCore.Platforms": {
        "type": "Transitive",
        "resolved": "3.1.0",
        "contentHash": "z7aeg8oHln2CuNulfhiLYxCVMPEwBl3rzicjvIX+4sUuCwvXw5oXQEtbiU2c0z4qYL5L3Kmx0mMA/+t/SbY67w=="
      },
      "Microsoft.Win32.Registry": {
        "type": "Transitive",
        "resolved": "4.7.0",
        "contentHash": "KSrRMb5vNi0CWSGG1++id2ZOs/1QhRqROt+qgbEAdQuGjGrFcl4AOl4/exGPUYz2wUnU42nvJqon1T3U0kPXLA==",
        "dependencies": {
          "System.Security.AccessControl": "4.7.0",
          "System.Security.Principal.Windows": "4.7.0"
        }
      },
      "runtime.linux-arm.runtime.native.System.IO.Ports": {
        "type": "Transitive",
        "resolved": "4.7.0",
        "contentHash": "pCaX07mRrO11GfUb+whjn2AJgCofx26slw0sI3XC9v0pEZO8101iK6q4ymZOiI2M4a9sQxLr2LawAEDvF4RNXg=="
      },
      "runtime.linux-arm64.runtime.native.System.IO.Ports": {
        "type": "Transitive",
        "resolved": "4.7.0",
        "contentHash": "/J6A4bexUUJciGUwrhtzrFW4tIHqoJYlCsz5RudRmqUaqvuG2tjrbn6bEopOFs7CU4gZqAKWcU9pkp180c3DkQ=="
      },
      "runtime.linux-x64.runtime.native.System.IO.Ports": {
        "type": "Transitive",
        "resolved": "4.7.0",
        "contentHash": "aaaiH4ttfkLizo0OKf++5kPN0yxKbgzcyAD3w52Y3YP96aB/M79fm0r06SedXJGv86Iou6ipj3wUQBMFaL8LnQ=="
      },
      "runtime.native.System.IO.Ports": {
        "type": "Transitive",
        "resolved": "4.7.0",
        "contentHash": "yidiZEGEIOyGnRkZvoV6XbeqzEBg9L47PyZNBymLIsu9HHseF98wiOxR6RnHmMqQMTBlc/EONfw4NT3pw0S6YQ==",
        "dependencies": {
          "runtime.linux-arm.runtime.native.System.IO.Ports": "4.7.0",
          "runtime.linux-arm64.runtime.native.System.IO.Ports": "4.7.0",
          "runtime.linux-x64.runtime.native.System.IO.Ports": "4.7.0",
          "runtime.osx-x64.runtime.native.System.IO.Ports": "4.7.0"
        }
      },
      "runtime.osx-x64.runtime.native.System.IO.Ports": {
        "type": "Transitive",
        "resolved": "4.7.0",
        "contentHash": "c1h87v6gopjfeAu3WhVGguUhzCdpZFqX8oXrevO1ciuH4g/mFrxnzlo5POlp+TtZdQ1i8yu0ZzBMKbmX2bJJ0g=="
      },
      "System.Security.AccessControl": {
        "type": "Transitive",
        "resolved": "4.7.0",
        "contentHash": "JECvTt5aFF3WT3gHpfofL2MNNP6v84sxtXxpqhLBCcDRzqsPBmHhQ6shv4DwwN2tRlzsUxtb3G9M3763rbXKDg==",
        "dependencies": {
          "Microsoft.NETCore.Platforms": "3.1.0",
          "System.Security.Principal.Windows": "4.7.0"
        }
      },
      "System.Security.Principal.Windows": {
        "type": "Transitive",
        "resolved": "4.7.0",
        "contentHash": "ojD0PX0XhneCsUbAZVKdb7h/70vyYMDYs85lwEI+LngEONe/17A0cFaRFqZU+sOEidcVswYWikYOQ9PPfjlbtQ=="
      }
    }
  }
}