
Microsoft Visual Studio Solution File, Format Version 12.00
# Visual Studio Version 16
VisualStudioVersion = 16.0.30611.23
MinimumVisualStudioVersion = 10.0.40219.1
Project("{2150E333-8FDC-42A3-9474-1A3956D46DE8}") = "Source", "Source", "{382CAF91-98F2-440C-8C02-052D7ADE0BC3}"
EndProject
Project("{2150E333-8FDC-42A3-9474-1A3956D46DE8}") = "Tests", "Tests", "{FC5BD0CF-A444-4250-87C9-7551CEEF3680}"
EndProject
Project("{9A19103F-16F7-4668-BE54-9A1E7A4F7556}") = "JoostIT.WinchHunt.WinchHuntConnectionLib.UnitTests", "JoostIT.WinchHunt.WinchHuntConnectionLib.UnitTests\JoostIT.WinchHunt.WinchHuntConnectionLib.UnitTests.csproj", "{0E66D4D7-7ACE-4CA4-937C-D4F00957BF9E}"
EndProject
Project("{9A19103F-16F7-4668-BE54-9A1E7A4F7556}") = "JoostIT.WinchHunt.WinchHuntConnectionLib.ComponentTests", "JoostIT.WinchHunt.WinchHuntConnectionLib.ComponentTests\JoostIT.WinchHunt.WinchHuntConnectionLib.ComponentTests.csproj", "{49C03FB6-F258-48B6-8EFB-73DAB01D864F}"
EndProject
Project("{9A19103F-16F7-4668-BE54-9A1E7A4F7556}") = "JoostIT.WinchHunt.WinchHuntConnectionLib", "JoostIT.WinchHunt.WinchHuntConnectionLib\JoostIT.WinchHunt.WinchHuntConnectionLib.csproj", "{DFC3F009-E726-4285-9FCC-1FB5E5574173}"
EndProject
Project("{FAE04EC0-301F-11D3-BF4B-00C04F79EFBC}") = "JoostIT.WinchHunt.WinchHuntCmd", "JoostIT.WinchHunt.WinchHuntCmd\JoostIT.WinchHunt.WinchHuntCmd.csproj", "{63FB8F98-92B4-4EDF-B02C-DED5CB8B816A}"
EndProject
Global
	GlobalSection(SolutionConfigurationPlatforms) = preSolution
		Debug|Any CPU = Debug|Any CPU
		Release|Any CPU = Release|Any CPU
	EndGlobalSection
	GlobalSection(ProjectConfigurationPlatforms) = postSolution
		{0E66D4D7-7ACE-4CA4-937C-D4F00957BF9E}.Debug|Any CPU.ActiveCfg = Debug|Any CPU
		{0E66D4D7-7ACE-4CA4-937C-D4F00957BF9E}.Debug|Any CPU.Build.0 = Debug|Any CPU
		{0E66D4D7-7ACE-4CA4-937C-D4F00957BF9E}.Release|Any CPU.ActiveCfg = Release|Any CPU
		{0E66D4D7-7ACE-4CA4-937C-D4F00957BF9E}.Release|Any CPU.Build.0 = Release|Any CPU
		{49C03FB6-F258-48B6-8EFB-73DAB01D864F}.Debug|Any CPU.ActiveCfg = Debug|Any CPU
		{49C03FB6-F258-48B6-8EFB-73DAB01D864F}.Debug|Any CPU.Build.0 = Debug|Any CPU
		{49C03FB6-F258-48B6-8EFB-73DAB01D864F}.Release|Any CPU.ActiveCfg = Release|Any CPU
		{49C03FB6-F258-48B6-8EFB-73DAB01D864F}.Release|Any CPU.Build.0 = Release|Any CPU
		{DFC3F009-E726-4285-9FCC-1FB5E5574173}.Debug|Any CPU.ActiveCfg = Debug|Any CPU
		{DFC3F009-E726-4285-9FCC-1FB5E5574173}.Debug|Any CPU.Build.0 = Debug|Any CPU
		{DFC3F009-E726-4285-9FCC-1FB5E5574173}.Release|Any CPU.ActiveCfg = Release|Any CPU
		{DFC3F009-E726-4285-9FCC-1FB5E5574173}.Release|Any CPU.Build.0 = Release|Any CPU
		{63FB8F98-92B4-4EDF-B02C-DED5CB8B816A}.Debug|Any CPU.ActiveCfg = Debug|Any CPU
		{63FB8F98-92B4-4EDF-B02C-DED5CB8B816A}.Debug|Any CPU.Build.0 = Debug|Any CPU
		{63FB8F98-92B4-4EDF-B02C-DED5CB8B816A}.Release|Any CPU.ActiveCfg = Release|Any CPU
		{63FB8F98-92B4-4EDF-B02C-DED5CB8B816A}.Release|Any CPU.Build.0 = Release|Any CPU
	EndGlobalSection
	GlobalSection(SolutionProperties) = preSolution
		HideSolutionNode = FALSE
	EndGlobalSection
	GlobalSection(NestedProjects) = preSolution
		{0E66D4D7-7ACE-4CA4-937C-D4F00957BF9E} = {FC5BD0CF-A444-4250-87C9-7551CEEF3680}
		{49C03FB6-F258-48B6-8EFB-73DAB01D864F} = {FC5BD0CF-A444-4250-87C9-7551CEEF3680}
		{DFC3F009-E726-4285-9FCC-1FB5E5574173} = {382CAF91-98F2-440C-8C02-052D7ADE0BC3}
		{63FB8F98-92B4-4EDF-B02C-DED5CB8B816A} = {382CAF91-98F2-440C-8C02-052D7ADE0BC3}
	EndGlobalSection
	GlobalSection(ExtensibilityGlobals) = postSolution
		SolutionGuid = {6C17B565-AFFB-46DC-AD38-28D09F7CC948}
	EndGlobalSection
EndGlobal
