
Microsoft Visual Studio Solution File, Format Version 12.00
# Visual Studio Version 16
VisualStudioVersion = 16.0.30611.23
MinimumVisualStudioVersion = 10.0.40219.1
Project("{2150E333-8FDC-42A3-9474-1A3956D46DE8}") = "Source", "Source", "{382CAF91-98F2-440C-8C02-052D7ADE0BC3}"
EndProject
Project("{2150E333-8FDC-42A3-9474-1A3956D46DE8}") = "Tests", "Tests", "{FC5BD0CF-A444-4250-87C9-7551CEEF3680}"
EndProject
Project("{9A19103F-16F7-4668-BE54-9A1E7A4F7556}") = "JoostIT.WinchHunt.WinchHuntCmd", "JoostIT.WinchHunt.WinchHuntCmd\JoostIT.WinchHunt.WinchHuntCmd.csproj", "{63FB8F98-92B4-4EDF-B02C-DED5CB8B816A}"
EndProject
Project("{9A19103F-16F7-4668-BE54-9A1E7A4F7556}") = "JoostIT.WinchHunt.WinchHuntNet", "JoostIT.WinchHunt.WinchHuntNet\JoostIT.WinchHunt.WinchHuntNet.csproj", "{B9971FBE-06B3-403D-B460-4EA9C8E18C22}"
EndProject
Project("{9A19103F-16F7-4668-BE54-9A1E7A4F7556}") = "JoostIT.WinchHunt.WinchHuntNet.ComponentTests", "JoostIT.WinchHunt.WinchHuntNet.ComponentTests\JoostIT.WinchHunt.WinchHuntNet.ComponentTests.csproj", "{64D2FD9A-3764-497C-AF44-FFCED52559E3}"
EndProject
Project("{9A19103F-16F7-4668-BE54-9A1E7A4F7556}") = "JoostIT.WinchHunt.WinchHuntNet.UnitTests", "JoostIT.WinchHunt.WinchHuntNet.UnitTests\JoostIT.WinchHunt.WinchHuntNet.UnitTests.csproj", "{B192D352-1CE2-4B04-A75A-9C285DC37CA8}"
EndProject
Project("{9A19103F-16F7-4668-BE54-9A1E7A4F7556}") = "JoostIT.WinchHunt.WinchHuntNet.IntegrationTests", "JoostIT.WinchHunt.WinchHuntNet.IntegrationTests\JoostIT.WinchHunt.WinchHuntNet.IntegrationTests.csproj", "{353E92C8-CE5B-4A97-83D8-9B1641797B1F}"
EndProject
Project("{9A19103F-16F7-4668-BE54-9A1E7A4F7556}") = "JoostIT.WinchHunt.WhRestConnector", "JoostIT.WinchHunt.WhRestConnector\JoostIT.WinchHunt.WhRestConnector.csproj", "{CFDBEF95-C015-4B3A-A13C-6ACDCCE5B284}"
EndProject
Global
	GlobalSection(SolutionConfigurationPlatforms) = preSolution
		Debug|Any CPU = Debug|Any CPU
		Release|Any CPU = Release|Any CPU
	EndGlobalSection
	GlobalSection(ProjectConfigurationPlatforms) = postSolution
		{63FB8F98-92B4-4EDF-B02C-DED5CB8B816A}.Debug|Any CPU.ActiveCfg = Debug|Any CPU
		{63FB8F98-92B4-4EDF-B02C-DED5CB8B816A}.Debug|Any CPU.Build.0 = Debug|Any CPU
		{63FB8F98-92B4-4EDF-B02C-DED5CB8B816A}.Release|Any CPU.ActiveCfg = Release|Any CPU
		{63FB8F98-92B4-4EDF-B02C-DED5CB8B816A}.Release|Any CPU.Build.0 = Release|Any CPU
		{B9971FBE-06B3-403D-B460-4EA9C8E18C22}.Debug|Any CPU.ActiveCfg = Debug|Any CPU
		{B9971FBE-06B3-403D-B460-4EA9C8E18C22}.Debug|Any CPU.Build.0 = Debug|Any CPU
		{B9971FBE-06B3-403D-B460-4EA9C8E18C22}.Release|Any CPU.ActiveCfg = Release|Any CPU
		{B9971FBE-06B3-403D-B460-4EA9C8E18C22}.Release|Any CPU.Build.0 = Release|Any CPU
		{64D2FD9A-3764-497C-AF44-FFCED52559E3}.Debug|Any CPU.ActiveCfg = Debug|Any CPU
		{64D2FD9A-3764-497C-AF44-FFCED52559E3}.Debug|Any CPU.Build.0 = Debug|Any CPU
		{64D2FD9A-3764-497C-AF44-FFCED52559E3}.Release|Any CPU.ActiveCfg = Release|Any CPU
		{64D2FD9A-3764-497C-AF44-FFCED52559E3}.Release|Any CPU.Build.0 = Release|Any CPU
		{B192D352-1CE2-4B04-A75A-9C285DC37CA8}.Debug|Any CPU.ActiveCfg = Debug|Any CPU
		{B192D352-1CE2-4B04-A75A-9C285DC37CA8}.Debug|Any CPU.Build.0 = Debug|Any CPU
		{B192D352-1CE2-4B04-A75A-9C285DC37CA8}.Release|Any CPU.ActiveCfg = Release|Any CPU
		{B192D352-1CE2-4B04-A75A-9C285DC37CA8}.Release|Any CPU.Build.0 = Release|Any CPU
		{353E92C8-CE5B-4A97-83D8-9B1641797B1F}.Debug|Any CPU.ActiveCfg = Debug|Any CPU
		{353E92C8-CE5B-4A97-83D8-9B1641797B1F}.Debug|Any CPU.Build.0 = Debug|Any CPU
		{353E92C8-CE5B-4A97-83D8-9B1641797B1F}.Release|Any CPU.ActiveCfg = Release|Any CPU
		{353E92C8-CE5B-4A97-83D8-9B1641797B1F}.Release|Any CPU.Build.0 = Release|Any CPU
		{CFDBEF95-C015-4B3A-A13C-6ACDCCE5B284}.Debug|Any CPU.ActiveCfg = Debug|Any CPU
		{CFDBEF95-C015-4B3A-A13C-6ACDCCE5B284}.Debug|Any CPU.Build.0 = Debug|Any CPU
		{CFDBEF95-C015-4B3A-A13C-6ACDCCE5B284}.Release|Any CPU.ActiveCfg = Release|Any CPU
		{CFDBEF95-C015-4B3A-A13C-6ACDCCE5B284}.Release|Any CPU.Build.0 = Release|Any CPU
	EndGlobalSection
	GlobalSection(SolutionProperties) = preSolution
		HideSolutionNode = FALSE
	EndGlobalSection
	GlobalSection(NestedProjects) = preSolution
		{63FB8F98-92B4-4EDF-B02C-DED5CB8B816A} = {382CAF91-98F2-440C-8C02-052D7ADE0BC3}
		{B9971FBE-06B3-403D-B460-4EA9C8E18C22} = {382CAF91-98F2-440C-8C02-052D7ADE0BC3}
		{64D2FD9A-3764-497C-AF44-FFCED52559E3} = {FC5BD0CF-A444-4250-87C9-7551CEEF3680}
		{B192D352-1CE2-4B04-A75A-9C285DC37CA8} = {FC5BD0CF-A444-4250-87C9-7551CEEF3680}
		{353E92C8-CE5B-4A97-83D8-9B1641797B1F} = {FC5BD0CF-A444-4250-87C9-7551CEEF3680}
		{CFDBEF95-C015-4B3A-A13C-6ACDCCE5B284} = {382CAF91-98F2-440C-8C02-052D7ADE0BC3}
	EndGlobalSection
	GlobalSection(ExtensibilityGlobals) = postSolution
		SolutionGuid = {6C17B565-AFFB-46DC-AD38-28D09F7CC948}
	EndGlobalSection
EndGlobal
